
Microsoft Visual Studio Solution File, Format Version 12.00
# Visual Studio Version 17
VisualStudioVersion = 17.7.34202.233
MinimumVisualStudioVersion = 10.0.40219.1
Project("{FAE04EC0-301F-11D3-BF4B-00C04F79EFBC}") = "#10 practica 2 unidad 1", "#10 practica 2 unidad 1.csproj", "{4404D73F-9CE3-459D-8578-2334137BF93B}"
EndProject
Global
	GlobalSection(SolutionConfigurationPlatforms) = preSolution
		Debug|Any CPU = Debug|Any CPU
		Release|Any CPU = Release|Any CPU
	EndGlobalSection
	GlobalSection(ProjectConfigurationPlatforms) = postSolution
		{4404D73F-9CE3-459D-8578-2334137BF93B}.Debug|Any CPU.ActiveCfg = Debug|Any CPU
		{4404D73F-9CE3-459D-8578-2334137BF93B}.Debug|Any CPU.Build.0 = Debug|Any CPU
		{4404D73F-9CE3-459D-8578-2334137BF93B}.Release|Any CPU.ActiveCfg = Release|Any CPU
		{4404D73F-9CE3-459D-8578-2334137BF93B}.Release|Any CPU.Build.0 = Release|Any CPU
	EndGlobalSection
	GlobalSection(SolutionProperties) = preSolution
		HideSolutionNode = FALSE
	EndGlobalSection
	GlobalSection(ExtensibilityGlobals) = postSolution
		SolutionGuid = {B9BBBBB7-A9ED-4586-AC55-EE81FF693190}
	EndGlobalSection
EndGlobal
